
Microsoft Visual Studio Solution File, Format Version 12.00
# Visual Studio 15
VisualStudioVersion = 15.0.28307.645
MinimumVisualStudioVersion = 10.0.40219.1
Project("{FAE04EC0-301F-11D3-BF4B-00C04F79EFBC}") = "SQLDatabase", "SQLDatabase\SQLDatabase.csproj", "{3071B560-CD90-43E0-9A72-9B43310FE974}"
EndProject
Project("{FAE04EC0-301F-11D3-BF4B-00C04F79EFBC}") = "Backbone", "..\Backbone\Backbone\Backbone.csproj", "{F951552C-EBC5-4B0E-9990-29C2D8830A28}"
EndProject
Project("{FAE04EC0-301F-11D3-BF4B-00C04F79EFBC}") = "WindowsFormsApp1", "..\WindowsFormsApp1\WindowsFormsApp1\WindowsFormsApp1.csproj", "{497A3FA2-A261-49C2-8A65-BB09D8CE3DF4}"
EndProject
Global
	GlobalSection(SolutionConfigurationPlatforms) = preSolution
		Debug|Any CPU = Debug|Any CPU
		Release|Any CPU = Release|Any CPU
	EndGlobalSection
	GlobalSection(ProjectConfigurationPlatforms) = postSolution
		{3071B560-CD90-43E0-9A72-9B43310FE974}.Debug|Any CPU.ActiveCfg = Debug|Any CPU
		{3071B560-CD90-43E0-9A72-9B43310FE974}.Debug|Any CPU.Build.0 = Debug|Any CPU
		{3071B560-CD90-43E0-9A72-9B43310FE974}.Release|Any CPU.ActiveCfg = Release|Any CPU
		{3071B560-CD90-43E0-9A72-9B43310FE974}.Release|Any CPU.Build.0 = Release|Any CPU
		{F951552C-EBC5-4B0E-9990-29C2D8830A28}.Debug|Any CPU.ActiveCfg = Debug|Any CPU
		{F951552C-EBC5-4B0E-9990-29C2D8830A28}.Debug|Any CPU.Build.0 = Debug|Any CPU
		{F951552C-EBC5-4B0E-9990-29C2D8830A28}.Release|Any CPU.ActiveCfg = Release|Any CPU
		{F951552C-EBC5-4B0E-9990-29C2D8830A28}.Release|Any CPU.Build.0 = Release|Any CPU
		{497A3FA2-A261-49C2-8A65-BB09D8CE3DF4}.Debug|Any CPU.ActiveCfg = Debug|Any CPU
		{497A3FA2-A261-49C2-8A65-BB09D8CE3DF4}.Debug|Any CPU.Build.0 = Debug|Any CPU
		{497A3FA2-A261-49C2-8A65-BB09D8CE3DF4}.Release|Any CPU.ActiveCfg = Release|Any CPU
		{497A3FA2-A261-49C2-8A65-BB09D8CE3DF4}.Release|Any CPU.Build.0 = Release|Any CPU
	EndGlobalSection
	GlobalSection(SolutionProperties) = preSolution
		HideSolutionNode = FALSE
	EndGlobalSection
	GlobalSection(ExtensibilityGlobals) = postSolution
		SolutionGuid = {7BE9D9FB-4627-41FE-B1BE-530325787CD0}
	EndGlobalSection
EndGlobal
